
Microsoft Visual Studio Solution File, Format Version 12.00
# Visual Studio Version 17
VisualStudioVersion = 17.9.34728.123
MinimumVisualStudioVersion = 10.0.40219.1
Project("{FAE04EC0-301F-11D3-BF4B-00C04F79EFBC}") = "Pregledi", "Pregledi.csproj", "{4766A3D8-D1CA-46ED-A709-B9B77011BAE3}"
EndProject
Global
	GlobalSection(SolutionConfigurationPlatforms) = preSolution
		Debug|Any CPU = Debug|Any CPU
		Release|Any CPU = Release|Any CPU
	EndGlobalSection
	GlobalSection(ProjectConfigurationPlatforms) = postSolution
		{4766A3D8-D1CA-46ED-A709-B9B77011BAE3}.Debug|Any CPU.ActiveCfg = Debug|Any CPU
		{4766A3D8-D1CA-46ED-A709-B9B77011BAE3}.Debug|Any CPU.Build.0 = Debug|Any CPU
		{4766A3D8-D1CA-46ED-A709-B9B77011BAE3}.Release|Any CPU.ActiveCfg = Release|Any CPU
		{4766A3D8-D1CA-46ED-A709-B9B77011BAE3}.Release|Any CPU.Build.0 = Release|Any CPU
	EndGlobalSection
	GlobalSection(SolutionProperties) = preSolution
		HideSolutionNode = FALSE
	EndGlobalSection
	GlobalSection(ExtensibilityGlobals) = postSolution
		SolutionGuid = {A3ABB546-EBAD-4BA5-AD35-48AF29392CE8}
	EndGlobalSection
EndGlobal
